{
  "originHash" : "4ccf87458e50dfde73c7c734932fafe0daa8da025fd6f0c0cc6a9bdd5ae816a9",
  "pins" : [
    {
      "identity" : "ios-snapshot-test-case",
      "kind" : "remoteSourceControl",
      "location" : "https://github.com/uber/ios-snapshot-test-case.git",
      "state" : {
        "revision" : "7b10770333a961be6e5a41c9ce04b8c6d3990126",
        "version" : "8.0.0"
      }
    },
    {
      "identity" : "sbtuitesttunnel",
      "kind" : "remoteSourceControl",
      "location" : "https://github.com/Subito-it/SBTUITestTunnel.git",
      "state" : {
        "branch" : "master",
        "revision" : "1055ddfefb7f20bdcbf9d2ba6b3a6dde75abf166"
      }
    },
    {
      "identity" : "sdwebimage",
      "kind" : "remoteSourceControl",
      "location" : "https://github.com/SDWebImage/SDWebImage.git",
      "state" : {
        "revision" : "cac9a55a3ae92478a2c95042dcc8d9695d2129ca",
        "version" : "5.21.0"
      }
    },
    {
      "identity" : "snapkit",
      "kind" : "remoteSourceControl",
      "location" : "https://github.com/SnapKit/SnapKit.git",
      "state" : {
        "revision" : "2842e6e84e82eb9a8dac0100ca90d9444b0307f4",
        "version" : "5.7.1"
      }
    }
  ],
  "version" : 3
}
