// !$*UTF8*$!
{
	archiveVersion = 1;
	classes = {
	};
	objectVersion = 77;
	objects = {

/* Begin PBXBuildFile section */
		2296C2D72DC936F3007753C7 /* SBTUITestTunnelClient in Frameworks */ = {isa = PBXBuildFile; productRef = 2296C2D62DC936F3007753C7 /* SBTUITestTunnelClient */; };
		2296C2D92DC936F3007753C7 /* SBTUITestTunnelServer in Frameworks */ = {isa = PBXBuildFile; productRef = 2296C2D82DC936F3007753C7 /* SBTUITestTunnelServer */; };
		22BA97782DCD60A1008B41E8 /* iOSSnapshotTestCase in Frameworks */ = {isa = PBXBuildFile; productRef = 22BA97772DCD60A1008B41E8 /* iOSSnapshotTestCase */; };
		22D074C92DC95ECB009E3FC6 /* SnapKit in Frameworks */ = {isa = PBXBuildFile; productRef = 22D074C82DC95ECB009E3FC6 /* SnapKit */; };
		22D074CC2DC95EE5009E3FC6 /* SDWebImage in Frameworks */ = {isa = PBXBuildFile; productRef = 22D074CB2DC95EE5009E3FC6 /* SDWebImage */; };
/* End PBXBuildFile section */

/* Begin PBXContainerItemProxy section */
		2296C2B82DC936BA007753C7 /* PBXContainerItemProxy */ = {
			isa = PBXContainerItemProxy;
			containerPortal = 2296C2992DC936B9007753C7 /* Project object */;
			proxyType = 1;
			remoteGlobalIDString = 2296C2A02DC936B9007753C7;
			remoteInfo = SAMEABC;
		};
		2296C2C22DC936BA007753C7 /* PBXContainerItemProxy */ = {
			isa = PBXContainerItemProxy;
			containerPortal = 2296C2992DC936B9007753C7 /* Project object */;
			proxyType = 1;
			remoteGlobalIDString = 2296C2A02DC936B9007753C7;
			remoteInfo = SAMEABC;
		};
/* End PBXContainerItemProxy section */

/* Begin PBXFileReference section */
		2296C2A12DC936B9007753C7 /* SAMEABC.app */ = {isa = PBXFileReference; explicitFileType = wrapper.application; includeInIndex = 0; path = SAMEABC.app; sourceTree = BUILT_PRODUCTS_DIR; };
		2296C2B72DC936BA007753C7 /* SAMEABCTests.xctest */ = {isa = PBXFileReference; explicitFileType = wrapper.cfbundle; includeInIndex = 0; path = SAMEABCTests.xctest; sourceTree = BUILT_PRODUCTS_DIR; };
		2296C2C12DC936BA007753C7 /* SAMEABCUITests.xctest */ = {isa = PBXFileReference; explicitFileType = wrapper.cfbundle; includeInIndex = 0; path = SAMEABCUITests.xctest; sourceTree = BUILT_PRODUCTS_DIR; };
/* End PBXFileReference section */

/* Begin PBXFileSystemSynchronizedBuildFileExceptionSet section */
		2296C2C92DC936BA007753C7 /* Exceptions for "SAMEABC" folder in "SAMEABC" target */ = {
			isa = PBXFileSystemSynchronizedBuildFileExceptionSet;
			membershipExceptions = (
				Info.plist,
			);
			target = 2296C2A02DC936B9007753C7 /* SAMEABC */;
		};
/* End PBXFileSystemSynchronizedBuildFileExceptionSet section */

/* Begin PBXFileSystemSynchronizedRootGroup section */
		2296C2A32DC936B9007753C7 /* SAMEABC */ = {
			isa = PBXFileSystemSynchronizedRootGroup;
			exceptions = (
				2296C2C92DC936BA007753C7 /* Exceptions for "SAMEABC" folder in "SAMEABC" target */,
			);
			path = SAMEABC;
			sourceTree = "<group>";
		};
		2296C2BA2DC936BA007753C7 /* SAMEABCTests */ = {
			isa = PBXFileSystemSynchronizedRootGroup;
			path = SAMEABCTests;
			sourceTree = "<group>";
		};
		2296C2C42DC936BA007753C7 /* SAMEABCUITests */ = {
			isa = PBXFileSystemSynchronizedRootGroup;
			path = SAMEABCUITests;
			sourceTree = "<group>";
		};
/* End PBXFileSystemSynchronizedRootGroup section */

/* Begin PBXFrameworksBuildPhase section */
		2296C29E2DC936B9007753C7 /* Frameworks */ = {
			isa = PBXFrameworksBuildPhase;
			buildActionMask = 2147483647;
			files = (
				22D074CC2DC95EE5009E3FC6 /* SDWebImage in Frameworks */,
				2296C2D92DC936F3007753C7 /* SBTUITestTunnelServer in Frameworks */,
				22D074C92DC95ECB009E3FC6 /* SnapKit in Frameworks */,
			);
			runOnlyForDeploymentPostprocessing = 0;
		};
		2296C2B42DC936BA007753C7 /* Frameworks */ = {
			isa = PBXFrameworksBuildPhase;
			buildActionMask = 2147483647;
			files = (
				22BA97782DCD60A1008B41E8 /* iOSSnapshotTestCase in Frameworks */,
			);
			runOnlyForDeploymentPostprocessing = 0;
		};
		2296C2BE2DC936BA007753C7 /* Frameworks */ = {
			isa = PBXFrameworksBuildPhase;
			buildActionMask = 2147483647;
			files = (
				2296C2D72DC936F3007753C7 /* SBTUITestTunnelClient in Frameworks */,
			);
			runOnlyForDeploymentPostprocessing = 0;
		};
/* End PBXFrameworksBuildPhase section */

/* Begin PBXGroup section */
		2296C2982DC936B9007753C7 = {
			isa = PBXGroup;
			children = (
				2296C2A32DC936B9007753C7 /* SAMEABC */,
				2296C2BA2DC936BA007753C7 /* SAMEABCTests */,
				2296C2C42DC936BA007753C7 /* SAMEABCUITests */,
				2296C2A22DC936B9007753C7 /* Products */,
			);
			sourceTree = "<group>";
		};
		2296C2A22DC936B9007753C7 /* Products */ = {
			isa = PBXGroup;
			children = (
				2296C2A12DC936B9007753C7 /* SAMEABC.app */,
				2296C2B72DC936BA007753C7 /* SAMEABCTests.xctest */,
				2296C2C12DC936BA007753C7 /* SAMEABCUITests.xctest */,
			);
			name = Products;
			sourceTree = "<group>";
		};
/* End PBXGroup section */

/* Begin PBXNativeTarget section */
		2296C2A02DC936B9007753C7 /* SAMEABC */ = {
			isa = PBXNativeTarget;
			buildConfigurationList = 2296C2CA2DC936BA007753C7 /* Build configuration list for PBXNativeTarget "SAMEABC" */;
			buildPhases = (
				2296C29D2DC936B9007753C7 /* Sources */,
				2296C29E2DC936B9007753C7 /* Frameworks */,
				2296C29F2DC936B9007753C7 /* Resources */,
			);
			buildRules = (
			);
			dependencies = (
			);
			fileSystemSynchronizedGroups = (
				2296C2A32DC936B9007753C7 /* SAMEABC */,
			);
			name = SAMEABC;
			packageProductDependencies = (
				2296C2D82DC936F3007753C7 /* SBTUITestTunnelServer */,
				22D074C82DC95ECB009E3FC6 /* SnapKit */,
				22D074CB2DC95EE5009E3FC6 /* SDWebImage */,
			);
			productName = SAMEABC;
			productReference = 2296C2A12DC936B9007753C7 /* SAMEABC.app */;
			productType = "com.apple.product-type.application";
		};
		2296C2B62DC936BA007753C7 /* SAMEABCTests */ = {
			isa = PBXNativeTarget;
			buildConfigurationList = 2296C2CF2DC936BA007753C7 /* Build configuration list for PBXNativeTarget "SAMEABCTests" */;
			buildPhases = (
				2296C2B32DC936BA007753C7 /* Sources */,
				2296C2B42DC936BA007753C7 /* Frameworks */,
				2296C2B52DC936BA007753C7 /* Resources */,
			);
			buildRules = (
			);
			dependencies = (
				2296C2B92DC936BA007753C7 /* PBXTargetDependency */,
			);
			fileSystemSynchronizedGroups = (
				2296C2BA2DC936BA007753C7 /* SAMEABCTests */,
			);
			name = SAMEABCTests;
			packageProductDependencies = (
				22BA97772DCD60A1008B41E8 /* iOSSnapshotTestCase */,
			);
			productName = SAMEABCTests;
			productReference = 2296C2B72DC936BA007753C7 /* SAMEABCTests.xctest */;
			productType = "com.apple.product-type.bundle.unit-test";
		};
		2296C2C02DC936BA007753C7 /* SAMEABCUITests */ = {
			isa = PBXNativeTarget;
			buildConfigurationList = 2296C2D22DC936BA007753C7 /* Build configuration list for PBXNativeTarget "SAMEABCUITests" */;
			buildPhases = (
				2296C2BD2DC936BA007753C7 /* Sources */,
				2296C2BE2DC936BA007753C7 /* Frameworks */,
				2296C2BF2DC936BA007753C7 /* Resources */,
			);
			buildRules = (
			);
			dependencies = (
				2296C2C32DC936BA007753C7 /* PBXTargetDependency */,
			);
			fileSystemSynchronizedGroups = (
				2296C2C42DC936BA007753C7 /* SAMEABCUITests */,
			);
			name = SAMEABCUITests;
			packageProductDependencies = (
				2296C2D62DC936F3007753C7 /* SBTUITestTunnelClient */,
			);
			productName = SAMEABCUITests;
			productReference = 2296C2C12DC936BA007753C7 /* SAMEABCUITests.xctest */;
			productType = "com.apple.product-type.bundle.ui-testing";
		};
/* End PBXNativeTarget section */

/* Begin PBXProject section */
		2296C2992DC936B9007753C7 /* Project object */ = {
			isa = PBXProject;
			attributes = {
				BuildIndependentTargetsInParallel = 1;
				LastSwiftUpdateCheck = 1610;
				LastUpgradeCheck = 1610;
				TargetAttributes = {
					2296C2A02DC936B9007753C7 = {
						CreatedOnToolsVersion = 16.1;
					};
					2296C2B62DC936BA007753C7 = {
						CreatedOnToolsVersion = 16.1;
						TestTargetID = 2296C2A02DC936B9007753C7;
					};
					2296C2C02DC936BA007753C7 = {
						CreatedOnToolsVersion = 16.1;
						TestTargetID = 2296C2A02DC936B9007753C7;
					};
				};
			};
			buildConfigurationList = 2296C29C2DC936B9007753C7 /* Build configuration list for PBXProject "SAMEABC" */;
			developmentRegion = en;
			hasScannedForEncodings = 0;
			knownRegions = (
				en,
				Base,
			);
			mainGroup = 2296C2982DC936B9007753C7;
			minimizedProjectReferenceProxies = 1;
			packageReferences = (
				2296C2D52DC936F3007753C7 /* XCRemoteSwiftPackageReference "SBTUITestTunnel" */,
				22D074C72DC95ECB009E3FC6 /* XCRemoteSwiftPackageReference "SnapKit" */,
				22D074CA2DC95EE5009E3FC6 /* XCRemoteSwiftPackageReference "SDWebImage" */,
				22BA97762DCD60A1008B41E8 /* XCRemoteSwiftPackageReference "ios-snapshot-test-case" */,
			);
			preferredProjectObjectVersion = 77;
			productRefGroup = 2296C2A22DC936B9007753C7 /* Products */;
			projectDirPath = "";
			projectRoot = "";
			targets = (
				2296C2A02DC936B9007753C7 /* SAMEABC */,
				2296C2B62DC936BA007753C7 /* SAMEABCTests */,
				2296C2C02DC936BA007753C7 /* SAMEABCUITests */,
			);
		};
/* End PBXProject section */

/* Begin PBXResourcesBuildPhase section */
		2296C29F2DC936B9007753C7 /* Resources */ = {
			isa = PBXResourcesBuildPhase;
			buildActionMask = 2147483647;
			files = (
			);
			runOnlyForDeploymentPostprocessing = 0;
		};
		2296C2B52DC936BA007753C7 /* Resources */ = {
			isa = PBXResourcesBuildPhase;
			buildActionMask = 2147483647;
			files = (
			);
			runOnlyForDeploymentPostprocessing = 0;
		};
		2296C2BF2DC936BA007753C7 /* Resources */ = {
			isa = PBXResourcesBuildPhase;
			buildActionMask = 2147483647;
			files = (
			);
			runOnlyForDeploymentPostprocessing = 0;
		};
/* End PBXResourcesBuildPhase section */

/* Begin PBXSourcesBuildPhase section */
		2296C29D2DC936B9007753C7 /* Sources */ = {
			isa = PBXSourcesBuildPhase;
			buildActionMask = 2147483647;
			files = (
			);
			runOnlyForDeploymentPostprocessing = 0;
		};
		2296C2B32DC936BA007753C7 /* Sources */ = {
			isa = PBXSourcesBuildPhase;
			buildActionMask = 2147483647;
			files = (
			);
			runOnlyForDeploymentPostprocessing = 0;
		};
		2296C2BD2DC936BA007753C7 /* Sources */ = {
			isa = PBXSourcesBuildPhase;
			buildActionMask = 2147483647;
			files = (
			);
			runOnlyForDeploymentPostprocessing = 0;
		};
/* End PBXSourcesBuildPhase section */

/* Begin PBXTargetDependency section */
		2296C2B92DC936BA007753C7 /* PBXTargetDependency */ = {
			isa = PBXTargetDependency;
			target = 2296C2A02DC936B9007753C7 /* SAMEABC */;
			targetProxy = 2296C2B82DC936BA007753C7 /* PBXContainerItemProxy */;
		};
		2296C2C32DC936BA007753C7 /* PBXTargetDependency */ = {
			isa = PBXTargetDependency;
			target = 2296C2A02DC936B9007753C7 /* SAMEABC */;
			targetProxy = 2296C2C22DC936BA007753C7 /* PBXContainerItemProxy */;
		};
/* End PBXTargetDependency section */

/* Begin XCBuildConfiguration section */
		2296C2CB2DC936BA007753C7 /* Debug */ = {
			isa = XCBuildConfiguration;
			buildSettings = {
				ASSETCATALOG_COMPILER_APPICON_NAME = AppIcon;
				ASSETCATALOG_COMPILER_GLOBAL_ACCENT_COLOR_NAME = AccentColor;
				CODE_SIGN_STYLE = Automatic;
				CURRENT_PROJECT_VERSION = 1;
				GENERATE_INFOPLIST_FILE = YES;
				INFOPLIST_FILE = SAMEABC/Info.plist;
				INFOPLIST_KEY_UIApplicationSupportsIndirectInputEvents = YES;
				INFOPLIST_KEY_UILaunchStoryboardName = LaunchScreen;
				INFOPLIST_KEY_UIMainStoryboardFile = "";
				INFOPLIST_KEY_UISupportedInterfaceOrientations = UIInterfaceOrientationPortrait;
				LD_RUNPATH_SEARCH_PATHS = (
					"$(inherited)",
					"@executable_path/Frameworks",
				);
				MARKETING_VERSION = 1.0;
				PRODUCT_BUNDLE_IDENTIFIER = com.Junaid.SAMEABC;
				PRODUCT_NAME = "$(TARGET_NAME)";
				SWIFT_EMIT_LOC_STRINGS = YES;
				SWIFT_VERSION = 5.0;
				TARGETED_DEVICE_FAMILY = "1,2";
			};
			name = Debug;
		};
		2296C2CC2DC936BA007753C7 /* Release */ = {
			isa = XCBuildConfiguration;
			buildSettings = {
				ASSETCATALOG_COMPILER_APPICON_NAME = AppIcon;
				ASSETCATALOG_COMPILER_GLOBAL_ACCENT_COLOR_NAME = AccentColor;
				CODE_SIGN_STYLE = Automatic;
				CURRENT_PROJECT_VERSION = 1;
				GENERATE_INFOPLIST_FILE = YES;
				INFOPLIST_FILE = SAMEABC/Info.plist;
				INFOPLIST_KEY_UIApplicationSupportsIndirectInputEvents = YES;
				INFOPLIST_KEY_UILaunchStoryboardName = LaunchScreen;
				INFOPLIST_KEY_UIMainStoryboardFile = "";
				INFOPLIST_KEY_UISupportedInterfaceOrientations = UIInterfaceOrientationPortrait;
				LD_RUNPATH_SEARCH_PATHS = (
					"$(inherited)",
					"@executable_path/Frameworks",
				);
				MARKETING_VERSION = 1.0;
				PRODUCT_BUNDLE_IDENTIFIER = com.Junaid.SAMEABC;
				PRODUCT_NAME = "$(TARGET_NAME)";
				SWIFT_EMIT_LOC_STRINGS = YES;
				SWIFT_VERSION = 5.0;
				TARGETED_DEVICE_FAMILY = "1,2";
			};
			name = Release;
		};
		2296C2CD2DC936BA007753C7 /* Debug */ = {
			isa = XCBuildConfiguration;
			buildSettings = {
				ALWAYS_SEARCH_USER_PATHS = NO;
				ASSETCATALOG_COMPILER_GENERATE_SWIFT_ASSET_SYMBOL_EXTENSIONS = YES;
				CLANG_ANALYZER_NONNULL = YES;
				CLANG_ANALYZER_NUMBER_OBJECT_CONVERSION = YES_AGGRESSIVE;
				CLANG_CXX_LANGUAGE_STANDARD = "gnu++20";
				CLANG_ENABLE_MODULES = YES;
				CLANG_ENABLE_OBJC_ARC = YES;
				CLANG_ENABLE_OBJC_WEAK = YES;
				CLANG_WARN_BLOCK_CAPTURE_AUTORELEASING = YES;
				CLANG_WARN_BOOL_CONVERSION = YES;
				CLANG_WARN_COMMA = YES;
				CLANG_WARN_CONSTANT_CONVERSION = YES;
				CLANG_WARN_DEPRECATED_OBJC_IMPLEMENTATIONS = YES;
				CLANG_WARN_DIRECT_OBJC_ISA_USAGE = YES_ERROR;
				CLANG_WARN_DOCUMENTATION_COMMENTS = YES;
				CLANG_WARN_EMPTY_BODY = YES;
				CLANG_WARN_ENUM_CONVERSION = YES;
				CLANG_WARN_INFINITE_RECURSION = YES;
				CLANG_WARN_INT_CONVERSION = YES;
				CLANG_WARN_NON_LITERAL_NULL_CONVERSION = YES;
				CLANG_WARN_OBJC_IMPLICIT_RETAIN_SELF = YES;
				CLANG_WARN_OBJC_LITERAL_CONVERSION = YES;
				CLANG_WARN_OBJC_ROOT_CLASS = YES_ERROR;
				CLANG_WARN_QUOTED_INCLUDE_IN_FRAMEWORK_HEADER = YES;
				CLANG_WARN_RANGE_LOOP_ANALYSIS = YES;
				CLANG_WARN_STRICT_PROTOTYPES = YES;
				CLANG_WARN_SUSPICIOUS_MOVE = YES;
				CLANG_WARN_UNGUARDED_AVAILABILITY = YES_AGGRESSIVE;
				CLANG_WARN_UNREACHABLE_CODE = YES;
				CLANG_WARN__DUPLICATE_METHOD_MATCH = YES;
				COPY_PHASE_STRIP = NO;
				DEBUG_INFORMATION_FORMAT = dwarf;
				ENABLE_STRICT_OBJC_MSGSEND = YES;
				ENABLE_TESTABILITY = YES;
				ENABLE_USER_SCRIPT_SANDBOXING = YES;
				GCC_C_LANGUAGE_STANDARD = gnu17;
				GCC_DYNAMIC_NO_PIC = NO;
				GCC_NO_COMMON_BLOCKS = YES;
				GCC_OPTIMIZATION_LEVEL = 0;
				GCC_PREPROCESSOR_DEFINITIONS = (
					"DEBUG=1",
					"$(inherited)",
				);
				GCC_WARN_64_TO_32_BIT_CONVERSION = YES;
				GCC_WARN_ABOUT_RETURN_TYPE = YES_ERROR;
				GCC_WARN_UNDECLARED_SELECTOR = YES;
				GCC_WARN_UNINITIALIZED_AUTOS = YES_AGGRESSIVE;
				GCC_WARN_UNUSED_FUNCTION = YES;
				GCC_WARN_UNUSED_VARIABLE = YES;
				IPHONEOS_DEPLOYMENT_TARGET = 18.1;
				LOCALIZATION_PREFERS_STRING_CATALOGS = YES;
				MTL_ENABLE_DEBUG_INFO = INCLUDE_SOURCE;
				MTL_FAST_MATH = YES;
				ONLY_ACTIVE_ARCH = YES;
				SDKROOT = iphoneos;
				SWIFT_ACTIVE_COMPILATION_CONDITIONS = "DEBUG $(inherited)";
				SWIFT_OPTIMIZATION_LEVEL = "-Onone";
			};
			name = Debug;
		};
		2296C2CE2DC936BA007753C7 /* Release */ = {
			isa = XCBuildConfiguration;
			buildSettings = {
				ALWAYS_SEARCH_USER_PATHS = NO;
				ASSETCATALOG_COMPILER_GENERATE_SWIFT_ASSET_SYMBOL_EXTENSIONS = YES;
				CLANG_ANALYZER_NONNULL = YES;
				CLANG_ANALYZER_NUMBER_OBJECT_CONVERSION = YES_AGGRESSIVE;
				CLANG_CXX_LANGUAGE_STANDARD = "gnu++20";
				CLANG_ENABLE_MODULES = YES;
				CLANG_ENABLE_OBJC_ARC = YES;
				CLANG_ENABLE_OBJC_WEAK = YES;
				CLANG_WARN_BLOCK_CAPTURE_AUTORELEASING = YES;
				CLANG_WARN_BOOL_CONVERSION = YES;
				CLANG_WARN_COMMA = YES;
				CLANG_WARN_CONSTANT_CONVERSION = YES;
				CLANG_WARN_DEPRECATED_OBJC_IMPLEMENTATIONS = YES;
				CLANG_WARN_DIRECT_OBJC_ISA_USAGE = YES_ERROR;
				CLANG_WARN_DOCUMENTATION_COMMENTS = YES;
				CLANG_WARN_EMPTY_BODY = YES;
				CLANG_WARN_ENUM_CONVERSION = YES;
				CLANG_WARN_INFINITE_RECURSION = YES;
				CLANG_WARN_INT_CONVERSION = YES;
				CLANG_WARN_NON_LITERAL_NULL_CONVERSION = YES;
				CLANG_WARN_OBJC_IMPLICIT_RETAIN_SELF = YES;
				CLANG_WARN_OBJC_LITERAL_CONVERSION = YES;
				CLANG_WARN_OBJC_ROOT_CLASS = YES_ERROR;
				CLANG_WARN_QUOTED_INCLUDE_IN_FRAMEWORK_HEADER = YES;
				CLANG_WARN_RANGE_LOOP_ANALYSIS = YES;
				CLANG_WARN_STRICT_PROTOTYPES = YES;
				CLANG_WARN_SUSPICIOUS_MOVE = YES;
				CLANG_WARN_UNGUARDED_AVAILABILITY = YES_AGGRESSIVE;
				CLANG_WARN_UNREACHABLE_CODE = YES;
				CLANG_WARN__DUPLICATE_METHOD_MATCH = YES;
				COPY_PHASE_STRIP = NO;
				DEBUG_INFORMATION_FORMAT = "dwarf-with-dsym";
				ENABLE_NS_ASSERTIONS = NO;
				ENABLE_STRICT_OBJC_MSGSEND = YES;
				ENABLE_USER_SCRIPT_SANDBOXING = YES;
				GCC_C_LANGUAGE_STANDARD = gnu17;
				GCC_NO_COMMON_BLOCKS = YES;
				GCC_WARN_64_TO_32_BIT_CONVERSION = YES;
				GCC_WARN_ABOUT_RETURN_TYPE = YES_ERROR;
				GCC_WARN_UNDECLARED_SELECTOR = YES;
				GCC_WARN_UNINITIALIZED_AUTOS = YES_AGGRESSIVE;
				GCC_WARN_UNUSED_FUNCTION = YES;
				GCC_WARN_UNUSED_VARIABLE = YES;
				IPHONEOS_DEPLOYMENT_TARGET = 18.1;
				LOCALIZATION_PREFERS_STRING_CATALOGS = YES;
				MTL_ENABLE_DEBUG_INFO = NO;
				MTL_FAST_MATH = YES;
				SDKROOT = iphoneos;
				SWIFT_COMPILATION_MODE = wholemodule;
				VALIDATE_PRODUCT = YES;
			};
			name = Release;
		};
		2296C2D02DC936BA007753C7 /* Debug */ = {
			isa = XCBuildConfiguration;
			buildSettings = {
				BUNDLE_LOADER = "$(TEST_HOST)";
				CODE_SIGN_STYLE = Automatic;
				CURRENT_PROJECT_VERSION = 1;
				GENERATE_INFOPLIST_FILE = YES;
				IPHONEOS_DEPLOYMENT_TARGET = 18.1;
				MARKETING_VERSION = 1.0;
				PRODUCT_BUNDLE_IDENTIFIER = com.Junaid.SAMEABCTests;
				PRODUCT_NAME = "$(TARGET_NAME)";
				SWIFT_EMIT_LOC_STRINGS = NO;
				SWIFT_VERSION = 5.0;
				TARGETED_DEVICE_FAMILY = "1,2";
				TEST_HOST = "$(BUILT_PRODUCTS_DIR)/SAMEABC.app/$(BUNDLE_EXECUTABLE_FOLDER_PATH)/SAMEABC";
			};
			name = Debug;
		};
		2296C2D12DC936BA007753C7 /* Release */ = {
			isa = XCBuildConfiguration;
			buildSettings = {
				BUNDLE_LOADER = "$(TEST_HOST)";
				CODE_SIGN_STYLE = Automatic;
				CURRENT_PROJECT_VERSION = 1;
				GENERATE_INFOPLIST_FILE = YES;
				IPHONEOS_DEPLOYMENT_TARGET = 18.1;
				MARKETING_VERSION = 1.0;
				PRODUCT_BUNDLE_IDENTIFIER = com.Junaid.SAMEABCTests;
				PRODUCT_NAME = "$(TARGET_NAME)";
				SWIFT_EMIT_LOC_STRINGS = NO;
				SWIFT_VERSION = 5.0;
				TARGETED_DEVICE_FAMILY = "1,2";
				TEST_HOST = "$(BUILT_PRODUCTS_DIR)/SAMEABC.app/$(BUNDLE_EXECUTABLE_FOLDER_PATH)/SAMEABC";
			};
			name = Release;
		};
		2296C2D32DC936BA007753C7 /* Debug */ = {
			isa = XCBuildConfiguration;
			buildSettings = {
				CODE_SIGN_STYLE = Automatic;
				CURRENT_PROJECT_VERSION = 1;
				GENERATE_INFOPLIST_FILE = YES;
				MARKETING_VERSION = 1.0;
				PRODUCT_BUNDLE_IDENTIFIER = com.Junaid.SAMEABCUITests;
				PRODUCT_NAME = "$(TARGET_NAME)";
				SWIFT_EMIT_LOC_STRINGS = NO;
				SWIFT_VERSION = 5.0;
				TARGETED_DEVICE_FAMILY = "1,2";
				TEST_TARGET_NAME = SAMEABC;
			};
			name = Debug;
		};
		2296C2D42DC936BA007753C7 /* Release */ = {
			isa = XCBuildConfiguration;
			buildSettings = {
				CODE_SIGN_STYLE = Automatic;
				CURRENT_PROJECT_VERSION = 1;
				GENERATE_INFOPLIST_FILE = YES;
				MARKETING_VERSION = 1.0;
				PRODUCT_BUNDLE_IDENTIFIER = com.Junaid.SAMEABCUITests;
				PRODUCT_NAME = "$(TARGET_NAME)";
				SWIFT_EMIT_LOC_STRINGS = NO;
				SWIFT_VERSION = 5.0;
				TARGETED_DEVICE_FAMILY = "1,2";
				TEST_TARGET_NAME = SAMEABC;
			};
			name = Release;
		};
/* End XCBuildConfiguration section */

/* Begin XCConfigurationList section */
		2296C29C2DC936B9007753C7 /* Build configuration list for PBXProject "SAMEABC" */ = {
			isa = XCConfigurationList;
			buildConfigurations = (
				2296C2CD2DC936BA007753C7 /* Debug */,
				2296C2CE2DC936BA007753C7 /* Release */,
			);
			defaultConfigurationIsVisible = 0;
			defaultConfigurationName = Release;
		};
		2296C2CA2DC936BA007753C7 /* Build configuration list for PBXNativeTarget "SAMEABC" */ = {
			isa = XCConfigurationList;
			buildConfigurations = (
				2296C2CB2DC936BA007753C7 /* Debug */,
				2296C2CC2DC936BA007753C7 /* Release */,
			);
			defaultConfigurationIsVisible = 0;
			defaultConfigurationName = Release;
		};
		2296C2CF2DC936BA007753C7 /* Build configuration list for PBXNativeTarget "SAMEABCTests" */ = {
			isa = XCConfigurationList;
			buildConfigurations = (
				2296C2D02DC936BA007753C7 /* Debug */,
				2296C2D12DC936BA007753C7 /* Release */,
			);
			defaultConfigurationIsVisible = 0;
			defaultConfigurationName = Release;
		};
		2296C2D22DC936BA007753C7 /* Build configuration list for PBXNativeTarget "SAMEABCUITests" */ = {
			isa = XCConfigurationList;
			buildConfigurations = (
				2296C2D32DC936BA007753C7 /* Debug */,
				2296C2D42DC936BA007753C7 /* Release */,
			);
			defaultConfigurationIsVisible = 0;
			defaultConfigurationName = Release;
		};
/* End XCConfigurationList section */

/* Begin XCRemoteSwiftPackageReference section */
		2296C2D52DC936F3007753C7 /* XCRemoteSwiftPackageReference "SBTUITestTunnel" */ = {
			isa = XCRemoteSwiftPackageReference;
			repositoryURL = "https://github.com/Subito-it/SBTUITestTunnel.git";
			requirement = {
				branch = master;
				kind = branch;
			};
		};
		22BA97762DCD60A1008B41E8 /* XCRemoteSwiftPackageReference "ios-snapshot-test-case" */ = {
			isa = XCRemoteSwiftPackageReference;
			repositoryURL = "https://github.com/uber/ios-snapshot-test-case.git";
			requirement = {
				kind = upToNextMajorVersion;
				minimumVersion = 8.0.0;
			};
		};
		22D074C72DC95ECB009E3FC6 /* XCRemoteSwiftPackageReference "SnapKit" */ = {
			isa = XCRemoteSwiftPackageReference;
			repositoryURL = "https://github.com/SnapKit/SnapKit.git";
			requirement = {
				kind = upToNextMajorVersion;
				minimumVersion = 5.7.1;
			};
		};
		22D074CA2DC95EE5009E3FC6 /* XCRemoteSwiftPackageReference "SDWebImage" */ = {
			isa = XCRemoteSwiftPackageReference;
			repositoryURL = "https://github.com/SDWebImage/SDWebImage.git";
			requirement = {
				kind = upToNextMajorVersion;
				minimumVersion = 5.21.0;
			};
		};
/* End XCRemoteSwiftPackageReference section */

/* Begin XCSwiftPackageProductDependency section */
		2296C2D62DC936F3007753C7 /* SBTUITestTunnelClient */ = {
			isa = XCSwiftPackageProductDependency;
			package = 2296C2D52DC936F3007753C7 /* XCRemoteSwiftPackageReference "SBTUITestTunnel" */;
			productName = SBTUITestTunnelClient;
		};
		2296C2D82DC936F3007753C7 /* SBTUITestTunnelServer */ = {
			isa = XCSwiftPackageProductDependency;
			package = 2296C2D52DC936F3007753C7 /* XCRemoteSwiftPackageReference "SBTUITestTunnel" */;
			productName = SBTUITestTunnelServer;
		};
		22BA97772DCD60A1008B41E8 /* iOSSnapshotTestCase */ = {
			isa = XCSwiftPackageProductDependency;
			package = 22BA97762DCD60A1008B41E8 /* XCRemoteSwiftPackageReference "ios-snapshot-test-case" */;
			productName = iOSSnapshotTestCase;
		};
		22D074C82DC95ECB009E3FC6 /* SnapKit */ = {
			isa = XCSwiftPackageProductDependency;
			package = 22D074C72DC95ECB009E3FC6 /* XCRemoteSwiftPackageReference "SnapKit" */;
			productName = SnapKit;
		};
		22D074CB2DC95EE5009E3FC6 /* SDWebImage */ = {
			isa = XCSwiftPackageProductDependency;
			package = 22D074CA2DC95EE5009E3FC6 /* XCRemoteSwiftPackageReference "SDWebImage" */;
			productName = SDWebImage;
		};
/* End XCSwiftPackageProductDependency section */
	};
	rootObject = 2296C2992DC936B9007753C7 /* Project object */;
}
